
Microsoft Visual Studio Solution File, Format Version 12.00
# Visual Studio 15
VisualStudioVersion = 15.0.26228.4
MinimumVisualStudioVersion = 10.0.40219.1
Project("{9A19103F-16F7-4668-BE54-9A1E7A4F7556}") = "BaseCloud", "BaseCloud.csproj", "{9373C95B-A13D-4CA7-B157-64AC52BDB636}"
EndProject
Project("{9A19103F-16F7-4668-BE54-9A1E7A4F7556}") = "DAL", "DAL\DAL.csproj", "{F9CD76CD-664B-41A6-99BE-B56FEC0BF599}"
EndProject
Project("{9A19103F-16F7-4668-BE54-9A1E7A4F7556}") = "DTO", "DTO\DTO.csproj", "{ECF44E9B-BDD7-48FC-8493-AE906E058B9B}"
EndProject
Global
	GlobalSection(SolutionConfigurationPlatforms) = preSolution
		Debug|Any CPU = Debug|Any CPU
		Release|Any CPU = Release|Any CPU
	EndGlobalSection
	GlobalSection(ProjectConfigurationPlatforms) = postSolution
		{9373C95B-A13D-4CA7-B157-64AC52BDB636}.Debug|Any CPU.ActiveCfg = Debug|Any CPU
		{9373C95B-A13D-4CA7-B157-64AC52BDB636}.Debug|Any CPU.Build.0 = Debug|Any CPU
		{9373C95B-A13D-4CA7-B157-64AC52BDB636}.Release|Any CPU.ActiveCfg = Release|Any CPU
		{9373C95B-A13D-4CA7-B157-64AC52BDB636}.Release|Any CPU.Build.0 = Release|Any CPU
		{F9CD76CD-664B-41A6-99BE-B56FEC0BF599}.Debug|Any CPU.ActiveCfg = Debug|Any CPU
		{F9CD76CD-664B-41A6-99BE-B56FEC0BF599}.Debug|Any CPU.Build.0 = Debug|Any CPU
		{F9CD76CD-664B-41A6-99BE-B56FEC0BF599}.Release|Any CPU.ActiveCfg = Release|Any CPU
		{F9CD76CD-664B-41A6-99BE-B56FEC0BF599}.Release|Any CPU.Build.0 = Release|Any CPU
		{ECF44E9B-BDD7-48FC-8493-AE906E058B9B}.Debug|Any CPU.ActiveCfg = Debug|Any CPU
		{ECF44E9B-BDD7-48FC-8493-AE906E058B9B}.Debug|Any CPU.Build.0 = Debug|Any CPU
		{ECF44E9B-BDD7-48FC-8493-AE906E058B9B}.Release|Any CPU.ActiveCfg = Release|Any CPU
		{ECF44E9B-BDD7-48FC-8493-AE906E058B9B}.Release|Any CPU.Build.0 = Release|Any CPU
	EndGlobalSection
	GlobalSection(SolutionProperties) = preSolution
		HideSolutionNode = FALSE
	EndGlobalSection
	GlobalSection(ExtensibilityGlobals) = postSolution
		SolutionGuid = {7963C414-126F-4024-A81D-61D9F5D3DD7A}
	EndGlobalSection
EndGlobal
